
Microsoft Visual Studio Solution File, Format Version 12.00
# Visual Studio 15
VisualStudioVersion = 15.0.28307.489
MinimumVisualStudioVersion = 10.0.40219.1
Project("{FAE04EC0-301F-11D3-BF4B-00C04F79EFBC}") = "WinFormDB", "WinFormDB\WinFormDB.csproj", "{5A9C5472-B007-47CF-A2FC-8A740A17B8F9}"
EndProject
Project("{FAE04EC0-301F-11D3-BF4B-00C04F79EFBC}") = "WinFormDB01_CRUD", "WinFormDB01_CRUD\WinFormDB01_CRUD.csproj", "{F71EEDE6-869B-426E-9781-4D3F81F8E837}"
EndProject
Project("{FAE04EC0-301F-11D3-BF4B-00C04F79EFBC}") = "WinFormDB02_SUID", "WinFormDB02_SUID\WinFormDB02_SUID.csproj", "{C4DC85B4-09DE-41CC-AF5B-938562970572}"
EndProject
Project("{FAE04EC0-301F-11D3-BF4B-00C04F79EFBC}") = "WinFormDB03_DataTable", "WinFormDB03_DataTable\WinFormDB03_DataTable.csproj", "{07F3B435-E909-4C8B-BFFC-D01A2C37F68A}"
EndProject
Project("{FAE04EC0-301F-11D3-BF4B-00C04F79EFBC}") = "WinFormDB04_DataTable_SIUD", "WinFormDB04_DataTable_SIUD\WinFormDB04_DataTable_SIUD.csproj", "{2D10B352-6315-42A8-A6C2-8D0D41021D28}"
EndProject
Project("{FAE04EC0-301F-11D3-BF4B-00C04F79EFBC}") = "WinFormDB05_DataSet", "WinFormDB05_DataSet\WinFormDB05_DataSet.csproj", "{18AEBC91-FFB5-4869-9516-227411CEC85E}"
EndProject
Project("{FAE04EC0-301F-11D3-BF4B-00C04F79EFBC}") = "WinFormDB06_Project", "WinFormDB06_Project\WinFormDB06_Project.csproj", "{2C20034C-2980-4DA9-823D-50B20519FFD0}"
EndProject
Project("{FAE04EC0-301F-11D3-BF4B-00C04F79EFBC}") = "WinFormProjectSample", "WinFormProjectSample\WinFormProjectSample.csproj", "{7E175B9B-58D6-4055-A532-DA45DFBA0B02}"
EndProject
Project("{FAE04EC0-301F-11D3-BF4B-00C04F79EFBC}") = "WinFormProjectTest", "WinFormProjectTest\WinFormProjectTest.csproj", "{57AE771E-4F4C-4EEC-8309-FA9A2C3BBEE2}"
EndProject
Project("{FAE04EC0-301F-11D3-BF4B-00C04F79EFBC}") = "WinFormDB_Project", "WinFormDB_Project\WinFormDB_Project.csproj", "{17F83623-BAB3-471D-AF94-71534783D89E}"
EndProject
Project("{FAE04EC0-301F-11D3-BF4B-00C04F79EFBC}") = "WinFormDB_Excel", "WinFormDB_Excel\WinFormDB_Excel.csproj", "{C31CFBCD-8644-4E7C-89A1-A830905150F9}"
EndProject
Global
	GlobalSection(SolutionConfigurationPlatforms) = preSolution
		Debug|Any CPU = Debug|Any CPU
		Release|Any CPU = Release|Any CPU
	EndGlobalSection
	GlobalSection(ProjectConfigurationPlatforms) = postSolution
		{5A9C5472-B007-47CF-A2FC-8A740A17B8F9}.Debug|Any CPU.ActiveCfg = Debug|Any CPU
		{5A9C5472-B007-47CF-A2FC-8A740A17B8F9}.Debug|Any CPU.Build.0 = Debug|Any CPU
		{5A9C5472-B007-47CF-A2FC-8A740A17B8F9}.Release|Any CPU.ActiveCfg = Release|Any CPU
		{5A9C5472-B007-47CF-A2FC-8A740A17B8F9}.Release|Any CPU.Build.0 = Release|Any CPU
		{F71EEDE6-869B-426E-9781-4D3F81F8E837}.Debug|Any CPU.ActiveCfg = Debug|Any CPU
		{F71EEDE6-869B-426E-9781-4D3F81F8E837}.Debug|Any CPU.Build.0 = Debug|Any CPU
		{F71EEDE6-869B-426E-9781-4D3F81F8E837}.Release|Any CPU.ActiveCfg = Release|Any CPU
		{F71EEDE6-869B-426E-9781-4D3F81F8E837}.Release|Any CPU.Build.0 = Release|Any CPU
		{C4DC85B4-09DE-41CC-AF5B-938562970572}.Debug|Any CPU.ActiveCfg = Debug|Any CPU
		{C4DC85B4-09DE-41CC-AF5B-938562970572}.Debug|Any CPU.Build.0 = Debug|Any CPU
		{C4DC85B4-09DE-41CC-AF5B-938562970572}.Release|Any CPU.ActiveCfg = Release|Any CPU
		{C4DC85B4-09DE-41CC-AF5B-938562970572}.Release|Any CPU.Build.0 = Release|Any CPU
		{07F3B435-E909-4C8B-BFFC-D01A2C37F68A}.Debug|Any CPU.ActiveCfg = Debug|Any CPU
		{07F3B435-E909-4C8B-BFFC-D01A2C37F68A}.Debug|Any CPU.Build.0 = Debug|Any CPU
		{07F3B435-E909-4C8B-BFFC-D01A2C37F68A}.Release|Any CPU.ActiveCfg = Release|Any CPU
		{07F3B435-E909-4C8B-BFFC-D01A2C37F68A}.Release|Any CPU.Build.0 = Release|Any CPU
		{2D10B352-6315-42A8-A6C2-8D0D41021D28}.Debug|Any CPU.ActiveCfg = Debug|Any CPU
		{2D10B352-6315-42A8-A6C2-8D0D41021D28}.Debug|Any CPU.Build.0 = Debug|Any CPU
		{2D10B352-6315-42A8-A6C2-8D0D41021D28}.Release|Any CPU.ActiveCfg = Release|Any CPU
		{2D10B352-6315-42A8-A6C2-8D0D41021D28}.Release|Any CPU.Build.0 = Release|Any CPU
		{18AEBC91-FFB5-4869-9516-227411CEC85E}.Debug|Any CPU.ActiveCfg = Debug|Any CPU
		{18AEBC91-FFB5-4869-9516-227411CEC85E}.Debug|Any CPU.Build.0 = Debug|Any CPU
		{18AEBC91-FFB5-4869-9516-227411CEC85E}.Release|Any CPU.ActiveCfg = Release|Any CPU
		{18AEBC91-FFB5-4869-9516-227411CEC85E}.Release|Any CPU.Build.0 = Release|Any CPU
		{2C20034C-2980-4DA9-823D-50B20519FFD0}.Debug|Any CPU.ActiveCfg = Debug|Any CPU
		{2C20034C-2980-4DA9-823D-50B20519FFD0}.Debug|Any CPU.Build.0 = Debug|Any CPU
		{2C20034C-2980-4DA9-823D-50B20519FFD0}.Release|Any CPU.ActiveCfg = Release|Any CPU
		{2C20034C-2980-4DA9-823D-50B20519FFD0}.Release|Any CPU.Build.0 = Release|Any CPU
		{7E175B9B-58D6-4055-A532-DA45DFBA0B02}.Debug|Any CPU.ActiveCfg = Debug|Any CPU
		{7E175B9B-58D6-4055-A532-DA45DFBA0B02}.Debug|Any CPU.Build.0 = Debug|Any CPU
		{7E175B9B-58D6-4055-A532-DA45DFBA0B02}.Release|Any CPU.ActiveCfg = Release|Any CPU
		{7E175B9B-58D6-4055-A532-DA45DFBA0B02}.Release|Any CPU.Build.0 = Release|Any CPU
		{57AE771E-4F4C-4EEC-8309-FA9A2C3BBEE2}.Debug|Any CPU.ActiveCfg = Debug|Any CPU
		{57AE771E-4F4C-4EEC-8309-FA9A2C3BBEE2}.Debug|Any CPU.Build.0 = Debug|Any CPU
		{57AE771E-4F4C-4EEC-8309-FA9A2C3BBEE2}.Release|Any CPU.ActiveCfg = Release|Any CPU
		{57AE771E-4F4C-4EEC-8309-FA9A2C3BBEE2}.Release|Any CPU.Build.0 = Release|Any CPU
		{17F83623-BAB3-471D-AF94-71534783D89E}.Debug|Any CPU.ActiveCfg = Debug|Any CPU
		{17F83623-BAB3-471D-AF94-71534783D89E}.Debug|Any CPU.Build.0 = Debug|Any CPU
		{17F83623-BAB3-471D-AF94-71534783D89E}.Release|Any CPU.ActiveCfg = Release|Any CPU
		{17F83623-BAB3-471D-AF94-71534783D89E}.Release|Any CPU.Build.0 = Release|Any CPU
		{C31CFBCD-8644-4E7C-89A1-A830905150F9}.Debug|Any CPU.ActiveCfg = Debug|Any CPU
		{C31CFBCD-8644-4E7C-89A1-A830905150F9}.Debug|Any CPU.Build.0 = Debug|Any CPU
		{C31CFBCD-8644-4E7C-89A1-A830905150F9}.Release|Any CPU.ActiveCfg = Release|Any CPU
		{C31CFBCD-8644-4E7C-89A1-A830905150F9}.Release|Any CPU.Build.0 = Release|Any CPU
	EndGlobalSection
	GlobalSection(SolutionProperties) = preSolution
		HideSolutionNode = FALSE
	EndGlobalSection
	GlobalSection(ExtensibilityGlobals) = postSolution
		SolutionGuid = {262185D1-0FE0-43BF-AA18-61EBE9A5A8EE}
	EndGlobalSection
EndGlobal
